
Microsoft Visual Studio Solution File, Format Version 12.00
Project("{FAE04EC0-301F-11D3-BF4B-00C04F79EFBC}") = "KindPaws.UI", "KindPaws.UI\KindPaws.UI.csproj", "{A67D43A3-0EBF-492E-AB44-29BD90E0E92E}"
EndProject
Project("{FAE04EC0-301F-11D3-BF4B-00C04F79EFBC}") = "KindPaws.Core", "KindPaws.Core\KindPaws.Core.csproj", "{70202A32-E2A5-4A94-BDC9-28F74FE332BD}"
EndProject
Project("{FAE04EC0-301F-11D3-BF4B-00C04F79EFBC}") = "KindPaws.DAL", "KindPaws.DAL\KindPaws.DAL.csproj", "{C837E381-19AE-4622-95DE-C48A4E06A940}"
EndProject
Project("{FAE04EC0-301F-11D3-BF4B-00C04F79EFBC}") = "ForTests", "ForTests\ForTests.csproj", "{395FBA20-84E8-44F4-9194-BAB00A8EFB95}"
EndProject
Global
	GlobalSection(SolutionConfigurationPlatforms) = preSolution
		Debug|Any CPU = Debug|Any CPU
		Release|Any CPU = Release|Any CPU
	EndGlobalSection
	GlobalSection(ProjectConfigurationPlatforms) = postSolution
		{A67D43A3-0EBF-492E-AB44-29BD90E0E92E}.Debug|Any CPU.ActiveCfg = Debug|Any CPU
		{A67D43A3-0EBF-492E-AB44-29BD90E0E92E}.Debug|Any CPU.Build.0 = Debug|Any CPU
		{A67D43A3-0EBF-492E-AB44-29BD90E0E92E}.Release|Any CPU.ActiveCfg = Release|Any CPU
		{A67D43A3-0EBF-492E-AB44-29BD90E0E92E}.Release|Any CPU.Build.0 = Release|Any CPU
		{70202A32-E2A5-4A94-BDC9-28F74FE332BD}.Debug|Any CPU.ActiveCfg = Debug|Any CPU
		{70202A32-E2A5-4A94-BDC9-28F74FE332BD}.Debug|Any CPU.Build.0 = Debug|Any CPU
		{70202A32-E2A5-4A94-BDC9-28F74FE332BD}.Release|Any CPU.ActiveCfg = Release|Any CPU
		{70202A32-E2A5-4A94-BDC9-28F74FE332BD}.Release|Any CPU.Build.0 = Release|Any CPU
		{C837E381-19AE-4622-95DE-C48A4E06A940}.Debug|Any CPU.ActiveCfg = Debug|Any CPU
		{C837E381-19AE-4622-95DE-C48A4E06A940}.Debug|Any CPU.Build.0 = Debug|Any CPU
		{C837E381-19AE-4622-95DE-C48A4E06A940}.Release|Any CPU.ActiveCfg = Release|Any CPU
		{C837E381-19AE-4622-95DE-C48A4E06A940}.Release|Any CPU.Build.0 = Release|Any CPU
		{395FBA20-84E8-44F4-9194-BAB00A8EFB95}.Debug|Any CPU.ActiveCfg = Debug|Any CPU
		{395FBA20-84E8-44F4-9194-BAB00A8EFB95}.Debug|Any CPU.Build.0 = Debug|Any CPU
		{395FBA20-84E8-44F4-9194-BAB00A8EFB95}.Release|Any CPU.ActiveCfg = Release|Any CPU
		{395FBA20-84E8-44F4-9194-BAB00A8EFB95}.Release|Any CPU.Build.0 = Release|Any CPU
	EndGlobalSection
EndGlobal
